
Microsoft Visual Studio Solution File, Format Version 12.00
# Visual Studio 15
VisualStudioVersion = 15.0.26124.0
MinimumVisualStudioVersion = 15.0.26124.0
Project("{FAE04EC0-301F-11D3-BF4B-00C04F79EFBC}") = "BinaryTree", "BinaryTree\BinaryTree.csproj", "{01DFF1F4-33FF-4223-A763-B39900E8548F}"
EndProject
Project("{FAE04EC0-301F-11D3-BF4B-00C04F79EFBC}") = "BinaryTree.Tests", "BinaryTree.Tests\BinaryTree.Tests.csproj", "{BCE23763-EB8A-4FEA-8B5A-FCB6561578A5}"
EndProject
Project("{FAE04EC0-301F-11D3-BF4B-00C04F79EFBC}") = "BinarySearchTree", "BinarySearchTree\BinarySearchTree.csproj", "{5173EAC9-A57C-4BB3-8498-75BDB08138E6}"
EndProject
Global
	GlobalSection(SolutionConfigurationPlatforms) = preSolution
		Debug|Any CPU = Debug|Any CPU
		Debug|x64 = Debug|x64
		Debug|x86 = Debug|x86
		Release|Any CPU = Release|Any CPU
		Release|x64 = Release|x64
		Release|x86 = Release|x86
	EndGlobalSection
	GlobalSection(SolutionProperties) = preSolution
		HideSolutionNode = FALSE
	EndGlobalSection
	GlobalSection(ProjectConfigurationPlatforms) = postSolution
		{01DFF1F4-33FF-4223-A763-B39900E8548F}.Debug|Any CPU.ActiveCfg = Debug|Any CPU
		{01DFF1F4-33FF-4223-A763-B39900E8548F}.Debug|Any CPU.Build.0 = Debug|Any CPU
		{01DFF1F4-33FF-4223-A763-B39900E8548F}.Debug|x64.ActiveCfg = Debug|x64
		{01DFF1F4-33FF-4223-A763-B39900E8548F}.Debug|x64.Build.0 = Debug|x64
		{01DFF1F4-33FF-4223-A763-B39900E8548F}.Debug|x86.ActiveCfg = Debug|x86
		{01DFF1F4-33FF-4223-A763-B39900E8548F}.Debug|x86.Build.0 = Debug|x86
		{01DFF1F4-33FF-4223-A763-B39900E8548F}.Release|Any CPU.ActiveCfg = Release|Any CPU
		{01DFF1F4-33FF-4223-A763-B39900E8548F}.Release|Any CPU.Build.0 = Release|Any CPU
		{01DFF1F4-33FF-4223-A763-B39900E8548F}.Release|x64.ActiveCfg = Release|x64
		{01DFF1F4-33FF-4223-A763-B39900E8548F}.Release|x64.Build.0 = Release|x64
		{01DFF1F4-33FF-4223-A763-B39900E8548F}.Release|x86.ActiveCfg = Release|x86
		{01DFF1F4-33FF-4223-A763-B39900E8548F}.Release|x86.Build.0 = Release|x86
		{BCE23763-EB8A-4FEA-8B5A-FCB6561578A5}.Debug|Any CPU.ActiveCfg = Debug|Any CPU
		{BCE23763-EB8A-4FEA-8B5A-FCB6561578A5}.Debug|Any CPU.Build.0 = Debug|Any CPU
		{BCE23763-EB8A-4FEA-8B5A-FCB6561578A5}.Debug|x64.ActiveCfg = Debug|x64
		{BCE23763-EB8A-4FEA-8B5A-FCB6561578A5}.Debug|x64.Build.0 = Debug|x64
		{BCE23763-EB8A-4FEA-8B5A-FCB6561578A5}.Debug|x86.ActiveCfg = Debug|x86
		{BCE23763-EB8A-4FEA-8B5A-FCB6561578A5}.Debug|x86.Build.0 = Debug|x86
		{BCE23763-EB8A-4FEA-8B5A-FCB6561578A5}.Release|Any CPU.ActiveCfg = Release|Any CPU
		{BCE23763-EB8A-4FEA-8B5A-FCB6561578A5}.Release|Any CPU.Build.0 = Release|Any CPU
		{BCE23763-EB8A-4FEA-8B5A-FCB6561578A5}.Release|x64.ActiveCfg = Release|x64
		{BCE23763-EB8A-4FEA-8B5A-FCB6561578A5}.Release|x64.Build.0 = Release|x64
		{BCE23763-EB8A-4FEA-8B5A-FCB6561578A5}.Release|x86.ActiveCfg = Release|x86
		{BCE23763-EB8A-4FEA-8B5A-FCB6561578A5}.Release|x86.Build.0 = Release|x86
		{5173EAC9-A57C-4BB3-8498-75BDB08138E6}.Debug|Any CPU.ActiveCfg = Debug|Any CPU
		{5173EAC9-A57C-4BB3-8498-75BDB08138E6}.Debug|Any CPU.Build.0 = Debug|Any CPU
		{5173EAC9-A57C-4BB3-8498-75BDB08138E6}.Debug|x64.ActiveCfg = Debug|x64
		{5173EAC9-A57C-4BB3-8498-75BDB08138E6}.Debug|x64.Build.0 = Debug|x64
		{5173EAC9-A57C-4BB3-8498-75BDB08138E6}.Debug|x86.ActiveCfg = Debug|x86
		{5173EAC9-A57C-4BB3-8498-75BDB08138E6}.Debug|x86.Build.0 = Debug|x86
		{5173EAC9-A57C-4BB3-8498-75BDB08138E6}.Release|Any CPU.ActiveCfg = Release|Any CPU
		{5173EAC9-A57C-4BB3-8498-75BDB08138E6}.Release|Any CPU.Build.0 = Release|Any CPU
		{5173EAC9-A57C-4BB3-8498-75BDB08138E6}.Release|x64.ActiveCfg = Release|x64
		{5173EAC9-A57C-4BB3-8498-75BDB08138E6}.Release|x64.Build.0 = Release|x64
		{5173EAC9-A57C-4BB3-8498-75BDB08138E6}.Release|x86.ActiveCfg = Release|x86
		{5173EAC9-A57C-4BB3-8498-75BDB08138E6}.Release|x86.Build.0 = Release|x86
	EndGlobalSection
EndGlobal
